// !$*UTF8*$!
{
	archiveVersion = 1;
	classes = {
	};
	objectVersion = 77;
	objects = {

/* Begin PBXBuildFile section */
		E4440CCF2F882D6A0096F0C7 /* Baloo2-Medium.ttf in Resources */ = {isa = PBXBuildFile; fileRef = E4440CCC2F882D6A0096F0C7 /* Baloo2-Medium.ttf */; };
		E4440CD02F882D6A0096F0C7 /* Baloo2-Bold.ttf in Resources */ = {isa = PBXBuildFile; fileRef = E4440CCA2F882D6A0096F0C7 /* Baloo2-Bold.ttf */; };
		E4440CD12F882D6A0096F0C7 /* Baloo2-ExtraBold.ttf in Resources */ = {isa = PBXBuildFile; fileRef = E4440CCB2F882D6A0096F0C7 /* Baloo2-ExtraBold.ttf */; };
		E4440CD22F882D6A0096F0C7 /* Baloo2-SemiBold.ttf in Resources */ = {isa = PBXBuildFile; fileRef = E4440CCE2F882D6A0096F0C7 /* Baloo2-SemiBold.ttf */; };
		E4440CD32F882D6A0096F0C7 /* Baloo2-Regular.ttf in Resources */ = {isa = PBXBuildFile; fileRef = E4440CCD2F882D6A0096F0C7 /* Baloo2-Regular.ttf */; };
		E4440D422F882DAD0096F0C7 /* InterItalic.ttf in Resources */ = {isa = PBXBuildFile; fileRef = E4440D402F882DAD0096F0C7 /* InterItalic.ttf */; };
		E4440D432F882DAD0096F0C7 /* Inter.ttf in Resources */ = {isa = PBXBuildFile; fileRef = E4440D412F882DAD0096F0C7 /* Inter.ttf */; };
		E4440D452F882DB90096F0C7 /* Baloo 2.ttf in Resources */ = {isa = PBXBuildFile; fileRef = E4440D442F882DB90096F0C7 /* Baloo 2.ttf */; };
/* End PBXBuildFile section */

/* Begin PBXFileReference section */
		E4440CCA2F882D6A0096F0C7 /* Baloo2-Bold.ttf */ = {isa = PBXFileReference; lastKnownFileType = file; path = "Baloo2-Bold.ttf"; sourceTree = "<group>"; };
		E4440CCB2F882D6A0096F0C7 /* Baloo2-ExtraBold.ttf */ = {isa = PBXFileReference; lastKnownFileType = file; path = "Baloo2-ExtraBold.ttf"; sourceTree = "<group>"; };
		E4440CCC2F882D6A0096F0C7 /* Baloo2-Medium.ttf */ = {isa = PBXFileReference; lastKnownFileType = file; path = "Baloo2-Medium.ttf"; sourceTree = "<group>"; };
		E4440CCD2F882D6A0096F0C7 /* Baloo2-Regular.ttf */ = {isa = PBXFileReference; lastKnownFileType = file; path = "Baloo2-Regular.ttf"; sourceTree = "<group>"; };
		E4440CCE2F882D6A0096F0C7 /* Baloo2-SemiBold.ttf */ = {isa = PBXFileReference; lastKnownFileType = file; path = "Baloo2-SemiBold.ttf"; sourceTree = "<group>"; };
		E4440D402F882DAD0096F0C7 /* InterItalic.ttf */ = {isa = PBXFileReference; lastKnownFileType = file; path = InterItalic.ttf; sourceTree = "<group>"; };
		E4440D412F882DAD0096F0C7 /* Inter.ttf */ = {isa = PBXFileReference; lastKnownFileType = file; path = Inter.ttf; sourceTree = "<group>"; };
		E4440D442F882DB90096F0C7 /* Baloo 2.ttf */ = {isa = PBXFileReference; lastKnownFileType = file; path = "Baloo 2.ttf"; sourceTree = "<group>"; };
		E4440D462F882FE40096F0C7 /* compraPassagens.app */ = {isa = PBXFileReference; explicitFileType = wrapper.application; includeInIndex = 0; path = compraPassagens.app; sourceTree = BUILT_PRODUCTS_DIR; };
/* End PBXFileReference section */

/* Begin PBXFileSystemSynchronizedBuildFileExceptionSet section */
		E4440D482F882FF40096F0C7 /* Exceptions for "compraPassagens" folder in "compraPassagens" target */ = {
			isa = PBXFileSystemSynchronizedBuildFileExceptionSet;
			membershipExceptions = (
				Info.plist,
			);
			target = 82569DD12F7AEA8600D98650 /* compraPassagens */;
		};
/* End PBXFileSystemSynchronizedBuildFileExceptionSet section */

/* Begin PBXFileSystemSynchronizedRootGroup section */
		82569DD42F7AEA8600D98650 /* compraPassagens */ = {
			isa = PBXFileSystemSynchronizedRootGroup;
			exceptions = (
				E4440D482F882FF40096F0C7 /* Exceptions for "compraPassagens" folder in "compraPassagens" target */,
			);
			path = compraPassagens;
			sourceTree = "<group>";
		};
/* End PBXFileSystemSynchronizedRootGroup section */

/* Begin PBXFrameworksBuildPhase section */
		82569DCF2F7AEA8600D98650 /* Frameworks */ = {
			isa = PBXFrameworksBuildPhase;
			buildActionMask = 2147483647;
			files = (
			);
			runOnlyForDeploymentPostprocessing = 0;
		};
/* End PBXFrameworksBuildPhase section */

/* Begin PBXGroup section */
		82569DC92F7AEA8600D98650 = {
			isa = PBXGroup;
			children = (
				E4440CC92F882D4B0096F0C7 /* Fonts */,
				82569DD42F7AEA8600D98650 /* compraPassagens */,
				E4440D462F882FE40096F0C7 /* compraPassagens.app */,
			);
			sourceTree = "<group>";
		};
		E4440CC92F882D4B0096F0C7 /* Fonts */ = {
			isa = PBXGroup;
			children = (
				E4440CCA2F882D6A0096F0C7 /* Baloo2-Bold.ttf */,
				E4440CCB2F882D6A0096F0C7 /* Baloo2-ExtraBold.ttf */,
				E4440CCC2F882D6A0096F0C7 /* Baloo2-Medium.ttf */,
				E4440CCD2F882D6A0096F0C7 /* Baloo2-Regular.ttf */,
				E4440CCE2F882D6A0096F0C7 /* Baloo2-SemiBold.ttf */,
				E4440D402F882DAD0096F0C7 /* InterItalic.ttf */,
				E4440D412F882DAD0096F0C7 /* Inter.ttf */,
				E4440D442F882DB90096F0C7 /* Baloo 2.ttf */,
			);
			path = Fonts;
			sourceTree = SOURCE_ROOT;
		};
/* End PBXGroup section */

/* Begin PBXNativeTarget section */
		82569DD12F7AEA8600D98650 /* compraPassagens */ = {
			isa = PBXNativeTarget;
			buildConfigurationList = 82569DDD2F7AEA8700D98650 /* Build configuration list for PBXNativeTarget "compraPassagens" */;
			buildPhases = (
				82569DCE2F7AEA8600D98650 /* Sources */,
				82569DCF2F7AEA8600D98650 /* Frameworks */,
				82569DD02F7AEA8600D98650 /* Resources */,
			);
			buildRules = (
			);
			dependencies = (
			);
			fileSystemSynchronizedGroups = (
				82569DD42F7AEA8600D98650 /* compraPassagens */,
			);
			name = compraPassagens;
			packageProductDependencies = (
			);
			productName = compraPassagens;
			productReference = E4440D462F882FE40096F0C7 /* compraPassagens.app */;
			productType = "com.apple.product-type.application";
		};
/* End PBXNativeTarget section */

/* Begin PBXProject section */
		82569DCA2F7AEA8600D98650 /* Project object */ = {
			isa = PBXProject;
			attributes = {
				BuildIndependentTargetsInParallel = 1;
				LastSwiftUpdateCheck = 2620;
				LastUpgradeCheck = 2620;
				TargetAttributes = {
					82569DD12F7AEA8600D98650 = {
						CreatedOnToolsVersion = 26.2;
					};
				};
			};
			buildConfigurationList = 82569DCD2F7AEA8600D98650 /* Build configuration list for PBXProject "compraPassagens" */;
			developmentRegion = en;
			hasScannedForEncodings = 0;
			knownRegions = (
				en,
				Base,
			);
			mainGroup = 82569DC92F7AEA8600D98650;
			minimizedProjectReferenceProxies = 1;
			preferredProjectObjectVersion = 77;
			productRefGroup = 82569DC92F7AEA8600D98650;
			projectDirPath = "";
			projectRoot = "";
			targets = (
				82569DD12F7AEA8600D98650 /* compraPassagens */,
			);
		};
/* End PBXProject section */

/* Begin PBXResourcesBuildPhase section */
		82569DD02F7AEA8600D98650 /* Resources */ = {
			isa = PBXResourcesBuildPhase;
			buildActionMask = 2147483647;
			files = (
				E4440D452F882DB90096F0C7 /* Baloo 2.ttf in Resources */,
				E4440CCF2F882D6A0096F0C7 /* Baloo2-Medium.ttf in Resources */,
				E4440CD02F882D6A0096F0C7 /* Baloo2-Bold.ttf in Resources */,
				E4440CD12F882D6A0096F0C7 /* Baloo2-ExtraBold.ttf in Resources */,
				E4440CD22F882D6A0096F0C7 /* Baloo2-SemiBold.ttf in Resources */,
				E4440D422F882DAD0096F0C7 /* InterItalic.ttf in Resources */,
				E4440D432F882DAD0096F0C7 /* Inter.ttf in Resources */,
				E4440CD32F882D6A0096F0C7 /* Baloo2-Regular.ttf in Resources */,
			);
			runOnlyForDeploymentPostprocessing = 0;
		};
/* End PBXResourcesBuildPhase section */

/* Begin PBXSourcesBuildPhase section */
		82569DCE2F7AEA8600D98650 /* Sources */ = {
			isa = PBXSourcesBuildPhase;
			buildActionMask = 2147483647;
			files = (
			);
			runOnlyForDeploymentPostprocessing = 0;
		};
/* End PBXSourcesBuildPhase section */

/* Begin XCBuildConfiguration section */
		82569DDB2F7AEA8700D98650 /* Debug */ = {
			isa = XCBuildConfiguration;
			buildSettings = {
				ALWAYS_SEARCH_USER_PATHS = NO;
				ASSETCATALOG_COMPILER_GENERATE_SWIFT_ASSET_SYMBOL_EXTENSIONS = YES;
				CLANG_ANALYZER_NONNULL = YES;
				CLANG_ANALYZER_NUMBER_OBJECT_CONVERSION = YES_AGGRESSIVE;
				CLANG_CXX_LANGUAGE_STANDARD = "gnu++20";
				CLANG_ENABLE_MODULES = YES;
				CLANG_ENABLE_OBJC_ARC = YES;
				CLANG_ENABLE_OBJC_WEAK = YES;
				CLANG_WARN_BLOCK_CAPTURE_AUTORELEASING = YES;
				CLANG_WARN_BOOL_CONVERSION = YES;
				CLANG_WARN_COMMA = YES;
				CLANG_WARN_CONSTANT_CONVERSION = YES;
				CLANG_WARN_DEPRECATED_OBJC_IMPLEMENTATIONS = YES;
				CLANG_WARN_DIRECT_OBJC_ISA_USAGE = YES_ERROR;
				CLANG_WARN_DOCUMENTATION_COMMENTS = YES;
				CLANG_WARN_EMPTY_BODY = YES;
				CLANG_WARN_ENUM_CONVERSION = YES;
				CLANG_WARN_INFINITE_RECURSION = YES;
				CLANG_WARN_INT_CONVERSION = YES;
				CLANG_WARN_NON_LITERAL_NULL_CONVERSION = YES;
				CLANG_WARN_OBJC_IMPLICIT_RETAIN_SELF = YES;
				CLANG_WARN_OBJC_LITERAL_CONVERSION = YES;
				CLANG_WARN_OBJC_ROOT_CLASS = YES_ERROR;
				CLANG_WARN_QUOTED_INCLUDE_IN_FRAMEWORK_HEADER = YES;
				CLANG_WARN_RANGE_LOOP_ANALYSIS = YES;
				CLANG_WARN_STRICT_PROTOTYPES = YES;
				CLANG_WARN_SUSPICIOUS_MOVE = YES;
				CLANG_WARN_UNGUARDED_AVAILABILITY = YES_AGGRESSIVE;
				CLANG_WARN_UNREACHABLE_CODE = YES;
				CLANG_WARN__DUPLICATE_METHOD_MATCH = YES;
				COPY_PHASE_STRIP = NO;
				DEBUG_INFORMATION_FORMAT = dwarf;
				ENABLE_STRICT_OBJC_MSGSEND = YES;
				ENABLE_TESTABILITY = YES;
				ENABLE_USER_SCRIPT_SANDBOXING = YES;
				GCC_C_LANGUAGE_STANDARD = gnu17;
				GCC_DYNAMIC_NO_PIC = NO;
				GCC_NO_COMMON_BLOCKS = YES;
				GCC_OPTIMIZATION_LEVEL = 0;
				GCC_PREPROCESSOR_DEFINITIONS = (
					"DEBUG=1",
					"$(inherited)",
				);
				GCC_WARN_64_TO_32_BIT_CONVERSION = YES;
				GCC_WARN_ABOUT_RETURN_TYPE = YES_ERROR;
				GCC_WARN_UNDECLARED_SELECTOR = YES;
				GCC_WARN_UNINITIALIZED_AUTOS = YES_AGGRESSIVE;
				GCC_WARN_UNUSED_FUNCTION = YES;
				GCC_WARN_UNUSED_VARIABLE = YES;
				IPHONEOS_DEPLOYMENT_TARGET = 26.2;
				LOCALIZATION_PREFERS_STRING_CATALOGS = YES;
				MTL_ENABLE_DEBUG_INFO = INCLUDE_SOURCE;
				MTL_FAST_MATH = YES;
				ONLY_ACTIVE_ARCH = YES;
				SDKROOT = iphoneos;
				SWIFT_ACTIVE_COMPILATION_CONDITIONS = "DEBUG $(inherited)";
				SWIFT_OPTIMIZATION_LEVEL = "-Onone";
			};
			name = Debug;
		};
		82569DDC2F7AEA8700D98650 /* Release */ = {
			isa = XCBuildConfiguration;
			buildSettings = {
				ALWAYS_SEARCH_USER_PATHS = NO;
				ASSETCATALOG_COMPILER_GENERATE_SWIFT_ASSET_SYMBOL_EXTENSIONS = YES;
				CLANG_ANALYZER_NONNULL = YES;
				CLANG_ANALYZER_NUMBER_OBJECT_CONVERSION = YES_AGGRESSIVE;
				CLANG_CXX_LANGUAGE_STANDARD = "gnu++20";
				CLANG_ENABLE_MODULES = YES;
				CLANG_ENABLE_OBJC_ARC = YES;
				CLANG_ENABLE_OBJC_WEAK = YES;
				CLANG_WARN_BLOCK_CAPTURE_AUTORELEASING = YES;
				CLANG_WARN_BOOL_CONVERSION = YES;
				CLANG_WARN_COMMA = YES;
				CLANG_WARN_CONSTANT_CONVERSION = YES;
				CLANG_WARN_DEPRECATED_OBJC_IMPLEMENTATIONS = YES;
				CLANG_WARN_DIRECT_OBJC_ISA_USAGE = YES_ERROR;
				CLANG_WARN_DOCUMENTATION_COMMENTS = YES;
				CLANG_WARN_EMPTY_BODY = YES;
				CLANG_WARN_ENUM_CONVERSION = YES;
				CLANG_WARN_INFINITE_RECURSION = YES;
				CLANG_WARN_INT_CONVERSION = YES;
				CLANG_WARN_NON_LITERAL_NULL_CONVERSION = YES;
				CLANG_WARN_OBJC_IMPLICIT_RETAIN_SELF = YES;
				CLANG_WARN_OBJC_LITERAL_CONVERSION = YES;
				CLANG_WARN_OBJC_ROOT_CLASS = YES_ERROR;
				CLANG_WARN_QUOTED_INCLUDE_IN_FRAMEWORK_HEADER = YES;
				CLANG_WARN_RANGE_LOOP_ANALYSIS = YES;
				CLANG_WARN_STRICT_PROTOTYPES = YES;
				CLANG_WARN_SUSPICIOUS_MOVE = YES;
				CLANG_WARN_UNGUARDED_AVAILABILITY = YES_AGGRESSIVE;
				CLANG_WARN_UNREACHABLE_CODE = YES;
				CLANG_WARN__DUPLICATE_METHOD_MATCH = YES;
				COPY_PHASE_STRIP = NO;
				DEBUG_INFORMATION_FORMAT = "dwarf-with-dsym";
				ENABLE_NS_ASSERTIONS = NO;
				ENABLE_STRICT_OBJC_MSGSEND = YES;
				ENABLE_USER_SCRIPT_SANDBOXING = YES;
				GCC_C_LANGUAGE_STANDARD = gnu17;
				GCC_NO_COMMON_BLOCKS = YES;
				GCC_WARN_64_TO_32_BIT_CONVERSION = YES;
				GCC_WARN_ABOUT_RETURN_TYPE = YES_ERROR;
				GCC_WARN_UNDECLARED_SELECTOR = YES;
				GCC_WARN_UNINITIALIZED_AUTOS = YES_AGGRESSIVE;
				GCC_WARN_UNUSED_FUNCTION = YES;
				GCC_WARN_UNUSED_VARIABLE = YES;
				IPHONEOS_DEPLOYMENT_TARGET = 26.2;
				LOCALIZATION_PREFERS_STRING_CATALOGS = YES;
				MTL_ENABLE_DEBUG_INFO = NO;
				MTL_FAST_MATH = YES;
				SDKROOT = iphoneos;
				SWIFT_COMPILATION_MODE = wholemodule;
				VALIDATE_PRODUCT = YES;
			};
			name = Release;
		};
		82569DDE2F7AEA8700D98650 /* Debug */ = {
			isa = XCBuildConfiguration;
			buildSettings = {
				ASSETCATALOG_COMPILER_APPICON_NAME = AppIcon;
				ASSETCATALOG_COMPILER_GLOBAL_ACCENT_COLOR_NAME = AccentColor;
				CODE_SIGN_STYLE = Automatic;
				CURRENT_PROJECT_VERSION = 1;
				ENABLE_PREVIEWS = YES;
				GENERATE_INFOPLIST_FILE = YES;
				INFOPLIST_FILE = compraPassagens/Info.plist;
				INFOPLIST_KEY_UIApplicationSceneManifest_Generation = YES;
				INFOPLIST_KEY_UIApplicationSupportsIndirectInputEvents = YES;
				INFOPLIST_KEY_UILaunchScreen_Generation = YES;
				INFOPLIST_KEY_UISupportedInterfaceOrientations_iPad = "UIInterfaceOrientationPortrait UIInterfaceOrientationPortraitUpsideDown UIInterfaceOrientationLandscapeLeft UIInterfaceOrientationLandscapeRight";
				INFOPLIST_KEY_UISupportedInterfaceOrientations_iPhone = "UIInterfaceOrientationPortrait UIInterfaceOrientationLandscapeLeft UIInterfaceOrientationLandscapeRight";
				LD_RUNPATH_SEARCH_PATHS = (
					"$(inherited)",
					"@executable_path/Frameworks",
				);
				MARKETING_VERSION = 1.0;
				PRODUCT_BUNDLE_IDENTIFIER = comprarPassagens.compraPassagens;
				PRODUCT_NAME = "$(TARGET_NAME)";
				STRING_CATALOG_GENERATE_SYMBOLS = YES;
				SWIFT_APPROACHABLE_CONCURRENCY = YES;
				SWIFT_DEFAULT_ACTOR_ISOLATION = MainActor;
				SWIFT_EMIT_LOC_STRINGS = YES;
				SWIFT_UPCOMING_FEATURE_MEMBER_IMPORT_VISIBILITY = YES;
				SWIFT_VERSION = 5.0;
				TARGETED_DEVICE_FAMILY = "1,2";
			};
			name = Debug;
		};
		82569DDF2F7AEA8700D98650 /* Release */ = {
			isa = XCBuildConfiguration;
			buildSettings = {
				ASSETCATALOG_COMPILER_APPICON_NAME = AppIcon;
				ASSETCATALOG_COMPILER_GLOBAL_ACCENT_COLOR_NAME = AccentColor;
				CODE_SIGN_STYLE = Automatic;
				CURRENT_PROJECT_VERSION = 1;
				ENABLE_PREVIEWS = YES;
				GENERATE_INFOPLIST_FILE = YES;
				INFOPLIST_FILE = compraPassagens/Info.plist;
				INFOPLIST_KEY_UIApplicationSceneManifest_Generation = YES;
				INFOPLIST_KEY_UIApplicationSupportsIndirectInputEvents = YES;
				INFOPLIST_KEY_UILaunchScreen_Generation = YES;
				INFOPLIST_KEY_UISupportedInterfaceOrientations_iPad = "UIInterfaceOrientationPortrait UIInterfaceOrientationPortraitUpsideDown UIInterfaceOrientationLandscapeLeft UIInterfaceOrientationLandscapeRight";
				INFOPLIST_KEY_UISupportedInterfaceOrientations_iPhone = "UIInterfaceOrientationPortrait UIInterfaceOrientationLandscapeLeft UIInterfaceOrientationLandscapeRight";
				LD_RUNPATH_SEARCH_PATHS = (
					"$(inherited)",
					"@executable_path/Frameworks",
				);
				MARKETING_VERSION = 1.0;
				PRODUCT_BUNDLE_IDENTIFIER = comprarPassagens.compraPassagens;
				PRODUCT_NAME = "$(TARGET_NAME)";
				STRING_CATALOG_GENERATE_SYMBOLS = YES;
				SWIFT_APPROACHABLE_CONCURRENCY = YES;
				SWIFT_DEFAULT_ACTOR_ISOLATION = MainActor;
				SWIFT_EMIT_LOC_STRINGS = YES;
				SWIFT_UPCOMING_FEATURE_MEMBER_IMPORT_VISIBILITY = YES;
				SWIFT_VERSION = 5.0;
				TARGETED_DEVICE_FAMILY = "1,2";
			};
			name = Release;
		};
/* End XCBuildConfiguration section */

/* Begin XCConfigurationList section */
		82569DCD2F7AEA8600D98650 /* Build configuration list for PBXProject "compraPassagens" */ = {
			isa = XCConfigurationList;
			buildConfigurations = (
				82569DDB2F7AEA8700D98650 /* Debug */,
				82569DDC2F7AEA8700D98650 /* Release */,
			);
			defaultConfigurationIsVisible = 0;
			defaultConfigurationName = Release;
		};
		82569DDD2F7AEA8700D98650 /* Build configuration list for PBXNativeTarget "compraPassagens" */ = {
			isa = XCConfigurationList;
			buildConfigurations = (
				82569DDE2F7AEA8700D98650 /* Debug */,
				82569DDF2F7AEA8700D98650 /* Release */,
			);
			defaultConfigurationIsVisible = 0;
			defaultConfigurationName = Release;
		};
/* End XCConfigurationList section */
	};
	rootObject = 82569DCA2F7AEA8600D98650 /* Project object */;
}
